
Microsoft Visual Studio Solution File, Format Version 12.00
# Visual Studio Version 17
VisualStudioVersion = 17.14.36414.22 d17.14
MinimumVisualStudioVersion = 10.0.40219.1
Project("{FAE04EC0-301F-11D3-BF4B-00C04F79EFBC}") = "Laboratorio61", "Laboratorio61\Laboratorio61.csproj", "{526087F5-6A0D-4687-88FC-2E9E0D447D7A}"
EndProject
Project("{FAE04EC0-301F-11D3-BF4B-00C04F79EFBC}") = "Laboratorio62", "Laboratorio62\Laboratorio62.csproj", "{95F6100E-8998-41C0-9610-9DBFFD289092}"
EndProject
Project("{FAE04EC0-301F-11D3-BF4B-00C04F79EFBC}") = "Laboratorio63", "Laboratorio63\Laboratorio63.csproj", "{7116E7F4-5299-4CE1-808B-618EF431162D}"
EndProject
Project("{FAE04EC0-301F-11D3-BF4B-00C04F79EFBC}") = "Laboratorio64", "Laboratorio64\Laboratorio64.csproj", "{854AF539-0B2D-4F31-A74D-EDE2C861F633}"
EndProject
Global
	GlobalSection(SolutionConfigurationPlatforms) = preSolution
		Debug|Any CPU = Debug|Any CPU
		Release|Any CPU = Release|Any CPU
	EndGlobalSection
	GlobalSection(ProjectConfigurationPlatforms) = postSolution
		{526087F5-6A0D-4687-88FC-2E9E0D447D7A}.Debug|Any CPU.ActiveCfg = Debug|Any CPU
		{526087F5-6A0D-4687-88FC-2E9E0D447D7A}.Debug|Any CPU.Build.0 = Debug|Any CPU
		{526087F5-6A0D-4687-88FC-2E9E0D447D7A}.Release|Any CPU.ActiveCfg = Release|Any CPU
		{526087F5-6A0D-4687-88FC-2E9E0D447D7A}.Release|Any CPU.Build.0 = Release|Any CPU
		{95F6100E-8998-41C0-9610-9DBFFD289092}.Debug|Any CPU.ActiveCfg = Debug|Any CPU
		{95F6100E-8998-41C0-9610-9DBFFD289092}.Debug|Any CPU.Build.0 = Debug|Any CPU
		{95F6100E-8998-41C0-9610-9DBFFD289092}.Release|Any CPU.ActiveCfg = Release|Any CPU
		{95F6100E-8998-41C0-9610-9DBFFD289092}.Release|Any CPU.Build.0 = Release|Any CPU
		{7116E7F4-5299-4CE1-808B-618EF431162D}.Debug|Any CPU.ActiveCfg = Debug|Any CPU
		{7116E7F4-5299-4CE1-808B-618EF431162D}.Debug|Any CPU.Build.0 = Debug|Any CPU
		{7116E7F4-5299-4CE1-808B-618EF431162D}.Release|Any CPU.ActiveCfg = Release|Any CPU
		{7116E7F4-5299-4CE1-808B-618EF431162D}.Release|Any CPU.Build.0 = Release|Any CPU
		{854AF539-0B2D-4F31-A74D-EDE2C861F633}.Debug|Any CPU.ActiveCfg = Debug|Any CPU
		{854AF539-0B2D-4F31-A74D-EDE2C861F633}.Debug|Any CPU.Build.0 = Debug|Any CPU
		{854AF539-0B2D-4F31-A74D-EDE2C861F633}.Release|Any CPU.ActiveCfg = Release|Any CPU
		{854AF539-0B2D-4F31-A74D-EDE2C861F633}.Release|Any CPU.Build.0 = Release|Any CPU
	EndGlobalSection
	GlobalSection(SolutionProperties) = preSolution
		HideSolutionNode = FALSE
	EndGlobalSection
	GlobalSection(ExtensibilityGlobals) = postSolution
		SolutionGuid = {49E46595-69BC-4A9E-A65A-FD79EBCB90ED}
	EndGlobalSection
EndGlobal
