
Microsoft Visual Studio Solution File, Format Version 12.00
# Visual Studio Version 17
VisualStudioVersion = 17.14.36414.22 d17.14
MinimumVisualStudioVersion = 10.0.40219.1
Project("{FAE04EC0-301F-11D3-BF4B-00C04F79EFBC}") = "Parcial1", "Parcial1\Parcial1.csproj", "{7D95B908-AD2E-4F1D-87E0-DD77A8FF2F0D}"
EndProject
Global
	GlobalSection(SolutionConfigurationPlatforms) = preSolution
		Debug|Any CPU = Debug|Any CPU
		Release|Any CPU = Release|Any CPU
	EndGlobalSection
	GlobalSection(ProjectConfigurationPlatforms) = postSolution
		{7D95B908-AD2E-4F1D-87E0-DD77A8FF2F0D}.Debug|Any CPU.ActiveCfg = Debug|Any CPU
		{7D95B908-AD2E-4F1D-87E0-DD77A8FF2F0D}.Debug|Any CPU.Build.0 = Debug|Any CPU
		{7D95B908-AD2E-4F1D-87E0-DD77A8FF2F0D}.Release|Any CPU.ActiveCfg = Release|Any CPU
		{7D95B908-AD2E-4F1D-87E0-DD77A8FF2F0D}.Release|Any CPU.Build.0 = Release|Any CPU
	EndGlobalSection
	GlobalSection(SolutionProperties) = preSolution
		HideSolutionNode = FALSE
	EndGlobalSection
	GlobalSection(ExtensibilityGlobals) = postSolution
		SolutionGuid = {2280F5B5-7400-4C05-A9A5-BF3E0A962B10}
	EndGlobalSection
EndGlobal
