
Microsoft Visual Studio Solution File, Format Version 12.00
# Visual Studio Version 17
VisualStudioVersion = 17.14.36717.8 d17.14
MinimumVisualStudioVersion = 10.0.40219.1
Project("{FAE04EC0-301F-11D3-BF4B-00C04F79EFBC}") = "Lab15-4", "Lab15-4\Lab15-4.csproj", "{E66D248A-E921-4878-9421-8AD4E7BE1793}"
EndProject
Global
	GlobalSection(SolutionConfigurationPlatforms) = preSolution
		Debug|Any CPU = Debug|Any CPU
		Release|Any CPU = Release|Any CPU
	EndGlobalSection
	GlobalSection(ProjectConfigurationPlatforms) = postSolution
		{E66D248A-E921-4878-9421-8AD4E7BE1793}.Debug|Any CPU.ActiveCfg = Debug|Any CPU
		{E66D248A-E921-4878-9421-8AD4E7BE1793}.Debug|Any CPU.Build.0 = Debug|Any CPU
		{E66D248A-E921-4878-9421-8AD4E7BE1793}.Release|Any CPU.ActiveCfg = Release|Any CPU
		{E66D248A-E921-4878-9421-8AD4E7BE1793}.Release|Any CPU.Build.0 = Release|Any CPU
	EndGlobalSection
	GlobalSection(SolutionProperties) = preSolution
		HideSolutionNode = FALSE
	EndGlobalSection
	GlobalSection(ExtensibilityGlobals) = postSolution
		SolutionGuid = {3FB8A8BF-8D4D-4F87-AFEF-70C6F072E616}
	EndGlobalSection
EndGlobal
