
Microsoft Visual Studio Solution File, Format Version 12.00
# Visual Studio Version 17
VisualStudioVersion = 17.14.36414.22 d17.14
MinimumVisualStudioVersion = 10.0.40219.1
Project("{FAE04EC0-301F-11D3-BF4B-00C04F79EFBC}") = "Lab9-4", "Lab9-4\Lab9-4.csproj", "{8A136B62-234B-45E4-B7E0-09BE3A09FBF2}"
EndProject
Global
	GlobalSection(SolutionConfigurationPlatforms) = preSolution
		Debug|Any CPU = Debug|Any CPU
		Release|Any CPU = Release|Any CPU
	EndGlobalSection
	GlobalSection(ProjectConfigurationPlatforms) = postSolution
		{8A136B62-234B-45E4-B7E0-09BE3A09FBF2}.Debug|Any CPU.ActiveCfg = Debug|Any CPU
		{8A136B62-234B-45E4-B7E0-09BE3A09FBF2}.Debug|Any CPU.Build.0 = Debug|Any CPU
		{8A136B62-234B-45E4-B7E0-09BE3A09FBF2}.Release|Any CPU.ActiveCfg = Release|Any CPU
		{8A136B62-234B-45E4-B7E0-09BE3A09FBF2}.Release|Any CPU.Build.0 = Release|Any CPU
	EndGlobalSection
	GlobalSection(SolutionProperties) = preSolution
		HideSolutionNode = FALSE
	EndGlobalSection
	GlobalSection(ExtensibilityGlobals) = postSolution
		SolutionGuid = {7CA608C1-F7AC-44BB-A130-09F6E4D013FC}
	EndGlobalSection
EndGlobal
