
Microsoft Visual Studio Solution File, Format Version 12.00
# Visual Studio Version 17
VisualStudioVersion = 17.14.36603.0 d17.14
MinimumVisualStudioVersion = 10.0.40219.1
Project("{FAE04EC0-301F-11D3-BF4B-00C04F79EFBC}") = "Laboratorio141", "Laboratorio141\Laboratorio141.csproj", "{FD92F26B-1246-485F-9171-62B3A72EF98F}"
EndProject
Global
	GlobalSection(SolutionConfigurationPlatforms) = preSolution
		Debug|Any CPU = Debug|Any CPU
		Release|Any CPU = Release|Any CPU
	EndGlobalSection
	GlobalSection(ProjectConfigurationPlatforms) = postSolution
		{FD92F26B-1246-485F-9171-62B3A72EF98F}.Debug|Any CPU.ActiveCfg = Debug|Any CPU
		{FD92F26B-1246-485F-9171-62B3A72EF98F}.Debug|Any CPU.Build.0 = Debug|Any CPU
		{FD92F26B-1246-485F-9171-62B3A72EF98F}.Release|Any CPU.ActiveCfg = Release|Any CPU
		{FD92F26B-1246-485F-9171-62B3A72EF98F}.Release|Any CPU.Build.0 = Release|Any CPU
	EndGlobalSection
	GlobalSection(SolutionProperties) = preSolution
		HideSolutionNode = FALSE
	EndGlobalSection
	GlobalSection(ExtensibilityGlobals) = postSolution
		SolutionGuid = {C56D7E87-D28D-4F30-A1F2-0E47249D9D54}
	EndGlobalSection
EndGlobal
